
Microsoft Visual Studio Solution File, Format Version 12.00
# Visual Studio 15
VisualStudioVersion = 15.0.27130.2010
MinimumVisualStudioVersion = 10.0.40219.1
Project("{FAE04EC0-301F-11D3-BF4B-00C04F79EFBC}") = "AS5311", "AS5311\AS5311.csproj", "{2D2BC706-D6E0-4532-BD65-5B3284D88ABC}"
EndProject
Global
	GlobalSection(SolutionConfigurationPlatforms) = preSolution
		Debug|Any CPU = Debug|Any CPU
		Release|Any CPU = Release|Any CPU
	EndGlobalSection
	GlobalSection(ProjectConfigurationPlatforms) = postSolution
		{2D2BC706-D6E0-4532-BD65-5B3284D88ABC}.Debug|Any CPU.ActiveCfg = Debug|Any CPU
		{2D2BC706-D6E0-4532-BD65-5B3284D88ABC}.Debug|Any CPU.Build.0 = Debug|Any CPU
		{2D2BC706-D6E0-4532-BD65-5B3284D88ABC}.Release|Any CPU.ActiveCfg = Release|Any CPU
		{2D2BC706-D6E0-4532-BD65-5B3284D88ABC}.Release|Any CPU.Build.0 = Release|Any CPU
	EndGlobalSection
	GlobalSection(SolutionProperties) = preSolution
		HideSolutionNode = FALSE
	EndGlobalSection
	GlobalSection(ExtensibilityGlobals) = postSolution
		SolutionGuid = {0A52E8C6-E0AB-4074-BF6F-C2DB40665CD5}
	EndGlobalSection
EndGlobal
